
Microsoft Visual Studio Solution File, Format Version 12.00
# Visual Studio Version 16
VisualStudioVersion = 16.0.31025.194
MinimumVisualStudioVersion = 10.0.40219.1
Project("{9A19103F-16F7-4668-BE54-9A1E7A4F7556}") = "demo", "demo.csproj", "{5C7251C8-A642-4A60-A29B-A0B87A294155}"
EndProject
Global
	GlobalSection(SolutionConfigurationPlatforms) = preSolution
		Debug|Any CPU = Debug|Any CPU
		Release|Any CPU = Release|Any CPU
	EndGlobalSection
	GlobalSection(ProjectConfigurationPlatforms) = postSolution
		{5C7251C8-A642-4A60-A29B-A0B87A294155}.Debug|Any CPU.ActiveCfg = Debug|Any CPU
		{5C7251C8-A642-4A60-A29B-A0B87A294155}.Debug|Any CPU.Build.0 = Debug|Any CPU
		{5C7251C8-A642-4A60-A29B-A0B87A294155}.Release|Any CPU.ActiveCfg = Release|Any CPU
		{5C7251C8-A642-4A60-A29B-A0B87A294155}.Release|Any CPU.Build.0 = Release|Any CPU
	EndGlobalSection
	GlobalSection(SolutionProperties) = preSolution
		HideSolutionNode = FALSE
	EndGlobalSection
	GlobalSection(ExtensibilityGlobals) = postSolution
		SolutionGuid = {C3436C8B-7846-45DC-89BC-26E7F6AAA889}
	EndGlobalSection
EndGlobal
